
Microsoft Visual Studio Solution File, Format Version 12.00
# Visual Studio 15
VisualStudioVersion = 15.0.28307.168
MinimumVisualStudioVersion = 10.0.40219.1
Project("{FAE04EC0-301F-11D3-BF4B-00C04F79EFBC}") = "MamaStalker.Client", "MamaStalker.Client\MamaStalker.Client.csproj", "{9BD62885-EB94-4234-8BD1-13EF3B282EE9}"
EndProject
Global
	GlobalSection(SolutionConfigurationPlatforms) = preSolution
		Debug|Any CPU = Debug|Any CPU
		Release|Any CPU = Release|Any CPU
	EndGlobalSection
	GlobalSection(ProjectConfigurationPlatforms) = postSolution
		{9BD62885-EB94-4234-8BD1-13EF3B282EE9}.Debug|Any CPU.ActiveCfg = Debug|Any CPU
		{9BD62885-EB94-4234-8BD1-13EF3B282EE9}.Debug|Any CPU.Build.0 = Debug|Any CPU
		{9BD62885-EB94-4234-8BD1-13EF3B282EE9}.Release|Any CPU.ActiveCfg = Release|Any CPU
		{9BD62885-EB94-4234-8BD1-13EF3B282EE9}.Release|Any CPU.Build.0 = Release|Any CPU
	EndGlobalSection
	GlobalSection(SolutionProperties) = preSolution
		HideSolutionNode = FALSE
	EndGlobalSection
	GlobalSection(ExtensibilityGlobals) = postSolution
		SolutionGuid = {A83D62A2-8F48-4BF7-BBCC-D5C29083713D}
	EndGlobalSection
EndGlobal
